
Microsoft Visual Studio Solution File, Format Version 12.00
# Visual Studio Version 16
VisualStudioVersion = 16.0.31402.337
MinimumVisualStudioVersion = 10.0.40219.1
Project("{D954291E-2A0B-460D-934E-DC6B0785DB48}") = "POSUNO.Shared", "POSUNO\POSUNO.Shared\POSUNO.Shared.shproj", "{6279C845-92F8-4333-AB99-3D213163593C}"
EndProject
Project("{2150E333-8FDC-42A3-9474-1A3956D46DE8}") = "Platforms", "Platforms", "{BBE8AA91-6E37-471C-9A7B-3F4FF4816688}"
EndProject
Project("{FAE04EC0-301F-11D3-BF4B-00C04F79EFBC}") = "POSUNO.Droid", "POSUNO\POSUNO.Droid\POSUNO.Droid.csproj", "{CD29A0FB-8896-44DC-BA13-B53DF68A16A9}"
EndProject
Project("{FAE04EC0-301F-11D3-BF4B-00C04F79EFBC}") = "POSUNO.iOS", "POSUNO\POSUNO.iOS\POSUNO.iOS.csproj", "{4E64B5F2-4762-496F-82FF-BC846CA4FF07}"
EndProject
Project("{FAE04EC0-301F-11D3-BF4B-00C04F79EFBC}") = "POSUNO.UWP", "POSUNO\POSUNO.UWP\POSUNO.UWP.csproj", "{ED7C8118-AA19-4C5E-B0DB-A3793A64C8A1}"
EndProject
Project("{9A19103F-16F7-4668-BE54-9A1E7A4F7556}") = "POSUNO.Wasm", "POSUNO\POSUNO.Wasm\POSUNO.Wasm.csproj", "{D2D0D68C-0D39-433D-9703-E20692699971}"
EndProject
Project("{FAE04EC0-301F-11D3-BF4B-00C04F79EFBC}") = "POSUNO.macOS", "POSUNO\POSUNO.macOS\POSUNO.macOS.csproj", "{3D5D0002-C8CA-438F-BC14-825AE3DEC6C4}"
EndProject
Project("{9A19103F-16F7-4668-BE54-9A1E7A4F7556}") = "POSUNO.Skia.Wpf.Host", "POSUNO\POSUNO.Skia.Wpf.Host\POSUNO.Skia.Wpf.Host.csproj", "{483C9122-76DC-477E-80E3-90F8DB8D99F7}"
EndProject
Project("{9A19103F-16F7-4668-BE54-9A1E7A4F7556}") = "POSUNO.Skia.Wpf", "POSUNO\POSUNO.Skia.Wpf\POSUNO.Skia.Wpf.csproj", "{AFAD5400-143B-40FE-A187-7E8BF8753B71}"
EndProject
Project("{9A19103F-16F7-4668-BE54-9A1E7A4F7556}") = "POSUNO.Skia.Gtk", "POSUNO\POSUNO.Skia.Gtk\POSUNO.Skia.Gtk.csproj", "{AFEC5893-1BD5-4E66-A23C-B649B801D515}"
EndProject
Project("{9A19103F-16F7-4668-BE54-9A1E7A4F7556}") = "POSUNO.Skia.Tizen", "POSUNO\POSUNO.Skia.Tizen\POSUNO.Skia.Tizen.csproj", "{2874F796-A7B4-4FD8-BC8D-C7F20DFF8DE7}"
EndProject
Project("{9A19103F-16F7-4668-BE54-9A1E7A4F7556}") = "POSUNO.Api", "POSUNO.Api\POSUNO.Api.csproj", "{7043CA1B-3F7A-4B97-A763-D945902D1825}"
EndProject
Global
	GlobalSection(SharedMSBuildProjectFiles) = preSolution
		POSUNO\POSUNO.Shared\POSUNO.Shared.projitems*{2874f796-a7b4-4fd8-bc8d-c7f20dff8de7}*SharedItemsImports = 5
		POSUNO\POSUNO.Shared\POSUNO.Shared.projitems*{3d5d0002-c8ca-438f-bc14-825ae3dec6c4}*SharedItemsImports = 4
		POSUNO\POSUNO.Shared\POSUNO.Shared.projitems*{4e64b5f2-4762-496f-82ff-bc846ca4ff07}*SharedItemsImports = 4
		POSUNO\POSUNO.Shared\POSUNO.Shared.projitems*{6279c845-92f8-4333-ab99-3d213163593c}*SharedItemsImports = 13
		POSUNO\POSUNO.Shared\POSUNO.Shared.projitems*{afad5400-143b-40fe-a187-7e8bf8753b71}*SharedItemsImports = 5
		POSUNO\POSUNO.Shared\POSUNO.Shared.projitems*{afec5893-1bd5-4e66-a23c-b649b801d515}*SharedItemsImports = 5
		POSUNO\POSUNO.Shared\POSUNO.Shared.projitems*{cd29a0fb-8896-44dc-ba13-b53df68a16a9}*SharedItemsImports = 4
		POSUNO\POSUNO.Shared\POSUNO.Shared.projitems*{d2d0d68c-0d39-433d-9703-e20692699971}*SharedItemsImports = 5
		POSUNO\POSUNO.Shared\POSUNO.Shared.projitems*{ed7c8118-aa19-4c5e-b0db-a3793a64c8a1}*SharedItemsImports = 4
	EndGlobalSection
	GlobalSection(SolutionConfigurationPlatforms) = preSolution
		Ad-Hoc|Any CPU = Ad-Hoc|Any CPU
		Ad-Hoc|ARM = Ad-Hoc|ARM
		Ad-Hoc|ARM64 = Ad-Hoc|ARM64
		Ad-Hoc|iPhone = Ad-Hoc|iPhone
		Ad-Hoc|iPhoneSimulator = Ad-Hoc|iPhoneSimulator
		Ad-Hoc|x64 = Ad-Hoc|x64
		Ad-Hoc|x86 = Ad-Hoc|x86
		AppStore|Any CPU = AppStore|Any CPU
		AppStore|ARM = AppStore|ARM
		AppStore|ARM64 = AppStore|ARM64
		AppStore|iPhone = AppStore|iPhone
		AppStore|iPhoneSimulator = AppStore|iPhoneSimulator
		AppStore|x64 = AppStore|x64
		AppStore|x86 = AppStore|x86
		Debug|Any CPU = Debug|Any CPU
		Debug|ARM = Debug|ARM
		Debug|ARM64 = Debug|ARM64
		Debug|iPhone = Debug|iPhone
		Debug|iPhoneSimulator = Debug|iPhoneSimulator
		Debug|x64 = Debug|x64
		Debug|x86 = Debug|x86
		Release|Any CPU = Release|Any CPU
		Release|ARM = Release|ARM
		Release|ARM64 = Release|ARM64
		Release|iPhone = Release|iPhone
		Release|iPhoneSimulator = Release|iPhoneSimulator
		Release|x64 = Release|x64
		Release|x86 = Release|x86
	EndGlobalSection
	GlobalSection(ProjectConfigurationPlatforms) = postSolution
		{CD29A0FB-8896-44DC-BA13-B53DF68A16A9}.Ad-Hoc|Any CPU.ActiveCfg = Debug|Any CPU
		{CD29A0FB-8896-44DC-BA13-B53DF68A16A9}.Ad-Hoc|Any CPU.Build.0 = Debug|Any CPU
		{CD29A0FB-8896-44DC-BA13-B53DF68A16A9}.Ad-Hoc|Any CPU.Deploy.0 = Debug|Any CPU
		{CD29A0FB-8896-44DC-BA13-B53DF68A16A9}.Ad-Hoc|ARM.ActiveCfg = Debug|Any CPU
		{CD29A0FB-8896-44DC-BA13-B53DF68A16A9}.Ad-Hoc|ARM.Build.0 = Debug|Any CPU
		{CD29A0FB-8896-44DC-BA13-B53DF68A16A9}.Ad-Hoc|ARM.Deploy.0 = Debug|Any CPU
		{CD29A0FB-8896-44DC-BA13-B53DF68A16A9}.Ad-Hoc|ARM64.ActiveCfg = Debug|Any CPU
		{CD29A0FB-8896-44DC-BA13-B53DF68A16A9}.Ad-Hoc|ARM64.Build.0 = Debug|Any CPU
		{CD29A0FB-8896-44DC-BA13-B53DF68A16A9}.Ad-Hoc|ARM64.Deploy.0 = Debug|Any CPU
		{CD29A0FB-8896-44DC-BA13-B53DF68A16A9}.Ad-Hoc|iPhone.ActiveCfg = Debug|Any CPU
		{CD29A0FB-8896-44DC-BA13-B53DF68A16A9}.Ad-Hoc|iPhone.Build.0 = Debug|Any CPU
		{CD29A0FB-8896-44DC-BA13-B53DF68A16A9}.Ad-Hoc|iPhone.Deploy.0 = Debug|Any CPU
		{CD29A0FB-8896-44DC-BA13-B53DF68A16A9}.Ad-Hoc|iPhoneSimulator.ActiveCfg = Debug|Any CPU
		{CD29A0FB-8896-44DC-BA13-B53DF68A16A9}.Ad-Hoc|iPhoneSimulator.Build.0 = Debug|Any CPU
		{CD29A0FB-8896-44DC-BA13-B53DF68A16A9}.Ad-Hoc|iPhoneSimulator.Deploy.0 = Debug|Any CPU
		{CD29A0FB-8896-44DC-BA13-B53DF68A16A9}.Ad-Hoc|x64.ActiveCfg = Debug|Any CPU
		{CD29A0FB-8896-44DC-BA13-B53DF68A16A9}.Ad-Hoc|x64.Build.0 = Debug|Any CPU
		{CD29A0FB-8896-44DC-BA13-B53DF68A16A9}.Ad-Hoc|x64.Deploy.0 = Debug|Any CPU
		{CD29A0FB-8896-44DC-BA13-B53DF68A16A9}.Ad-Hoc|x86.ActiveCfg = Debug|Any CPU
		{CD29A0FB-8896-44DC-BA13-B53DF68A16A9}.Ad-Hoc|x86.Build.0 = Debug|Any CPU
		{CD29A0FB-8896-44DC-BA13-B53DF68A16A9}.Ad-Hoc|x86.Deploy.0 = Debug|Any CPU
		{CD29A0FB-8896-44DC-BA13-B53DF68A16A9}.AppStore|Any CPU.ActiveCfg = Debug|Any CPU
		{CD29A0FB-8896-44DC-BA13-B53DF68A16A9}.AppStore|Any CPU.Build.0 = Debug|Any CPU
		{CD29A0FB-8896-44DC-BA13-B53DF68A16A9}.AppStore|Any CPU.Deploy.0 = Debug|Any CPU
		{CD29A0FB-8896-44DC-BA13-B53DF68A16A9}.AppStore|ARM.ActiveCfg = Debug|Any CPU
		{CD29A0FB-8896-44DC-BA13-B53DF68A16A9}.AppStore|ARM.Build.0 = Debug|Any CPU
		{CD29A0FB-8896-44DC-BA13-B53DF68A16A9}.AppStore|ARM.Deploy.0 = Debug|Any CPU
		{CD29A0FB-8896-44DC-BA13-B53DF68A16A9}.AppStore|ARM64.ActiveCfg = Debug|Any CPU
		{CD29A0FB-8896-44DC-BA13-B53DF68A16A9}.AppStore|ARM64.Build.0 = Debug|Any CPU
		{CD29A0FB-8896-44DC-BA13-B53DF68A16A9}.AppStore|ARM64.Deploy.0 = Debug|Any CPU
		{CD29A0FB-8896-44DC-BA13-B53DF68A16A9}.AppStore|iPhone.ActiveCfg = Debug|Any CPU
		{CD29A0FB-8896-44DC-BA13-B53DF68A16A9}.AppStore|iPhone.Build.0 = Debug|Any CPU
		{CD29A0FB-8896-44DC-BA13-B53DF68A16A9}.AppStore|iPhone.Deploy.0 = Debug|Any CPU
		{CD29A0FB-8896-44DC-BA13-B53DF68A16A9}.AppStore|iPhoneSimulator.ActiveCfg = Debug|Any CPU
		{CD29A0FB-8896-44DC-BA13-B53DF68A16A9}.AppStore|iPhoneSimulator.Build.0 = Debug|Any CPU
		{CD29A0FB-8896-44DC-BA13-B53DF68A16A9}.AppStore|iPhoneSimulator.Deploy.0 = Debug|Any CPU
		{CD29A0FB-8896-44DC-BA13-B53DF68A16A9}.AppStore|x64.ActiveCfg = Debug|Any CPU
		{CD29A0FB-8896-44DC-BA13-B53DF68A16A9}.AppStore|x64.Build.0 = Debug|Any CPU
		{CD29A0FB-8896-44DC-BA13-B53DF68A16A9}.AppStore|x64.Deploy.0 = Debug|Any CPU
		{CD29A0FB-8896-44DC-BA13-B53DF68A16A9}.AppStore|x86.ActiveCfg = Debug|Any CPU
		{CD29A0FB-8896-44DC-BA13-B53DF68A16A9}.AppStore|x86.Build.0 = Debug|Any CPU
		{CD29A0FB-8896-44DC-BA13-B53DF68A16A9}.AppStore|x86.Deploy.0 = Debug|Any CPU
		{CD29A0FB-8896-44DC-BA13-B53DF68A16A9}.Debug|Any CPU.ActiveCfg = Debug|Any CPU
		{CD29A0FB-8896-44DC-BA13-B53DF68A16A9}.Debug|Any CPU.Build.0 = Debug|Any CPU
		{CD29A0FB-8896-44DC-BA13-B53DF68A16A9}.Debug|Any CPU.Deploy.0 = Debug|Any CPU
		{CD29A0FB-8896-44DC-BA13-B53DF68A16A9}.Debug|ARM.ActiveCfg = Debug|Any CPU
		{CD29A0FB-8896-44DC-BA13-B53DF68A16A9}.Debug|ARM.Build.0 = Debug|Any CPU
		{CD29A0FB-8896-44DC-BA13-B53DF68A16A9}.Debug|ARM.Deploy.0 = Debug|Any CPU
		{CD29A0FB-8896-44DC-BA13-B53DF68A16A9}.Debug|ARM64.ActiveCfg = Debug|Any CPU
		{CD29A0FB-8896-44DC-BA13-B53DF68A16A9}.Debug|ARM64.Build.0 = Debug|Any CPU
		{CD29A0FB-8896-44DC-BA13-B53DF68A16A9}.Debug|ARM64.Deploy.0 = Debug|Any CPU
		{CD29A0FB-8896-44DC-BA13-B53DF68A16A9}.Debug|iPhone.ActiveCfg = Debug|Any CPU
		{CD29A0FB-8896-44DC-BA13-B53DF68A16A9}.Debug|iPhone.Build.0 = Debug|Any CPU
		{CD29A0FB-8896-44DC-BA13-B53DF68A16A9}.Debug|iPhone.Deploy.0 = Debug|Any CPU
		{CD29A0FB-8896-44DC-BA13-B53DF68A16A9}.Debug|iPhoneSimulator.ActiveCfg = Debug|Any CPU
		{CD29A0FB-8896-44DC-BA13-B53DF68A16A9}.Debug|iPhoneSimulator.Build.0 = Debug|Any CPU
		{CD29A0FB-8896-44DC-BA13-B53DF68A16A9}.Debug|iPhoneSimulator.Deploy.0 = Debug|Any CPU
		{CD29A0FB-8896-44DC-BA13-B53DF68A16A9}.Debug|x64.ActiveCfg = Debug|Any CPU
		{CD29A0FB-8896-44DC-BA13-B53DF68A16A9}.Debug|x64.Build.0 = Debug|Any CPU
		{CD29A0FB-8896-44DC-BA13-B53DF68A16A9}.Debug|x64.Deploy.0 = Debug|Any CPU
		{CD29A0FB-8896-44DC-BA13-B53DF68A16A9}.Debug|x86.ActiveCfg = Debug|Any CPU
		{CD29A0FB-8896-44DC-BA13-B53DF68A16A9}.Release|Any CPU.ActiveCfg = Release|Any CPU
		{CD29A0FB-8896-44DC-BA13-B53DF68A16A9}.Release|Any CPU.Build.0 = Release|Any CPU
		{CD29A0FB-8896-44DC-BA13-B53DF68A16A9}.Release|Any CPU.Deploy.0 = Release|Any CPU
		{CD29A0FB-8896-44DC-BA13-B53DF68A16A9}.Release|ARM.ActiveCfg = Release|Any CPU
		{CD29A0FB-8896-44DC-BA13-B53DF68A16A9}.Release|ARM.Build.0 = Release|Any CPU
		{CD29A0FB-8896-44DC-BA13-B53DF68A16A9}.Release|ARM.Deploy.0 = Release|Any CPU
		{CD29A0FB-8896-44DC-BA13-B53DF68A16A9}.Release|ARM64.ActiveCfg = Release|Any CPU
		{CD29A0FB-8896-44DC-BA13-B53DF68A16A9}.Release|ARM64.Build.0 = Release|Any CPU
		{CD29A0FB-8896-44DC-BA13-B53DF68A16A9}.Release|ARM64.Deploy.0 = Release|Any CPU
		{CD29A0FB-8896-44DC-BA13-B53DF68A16A9}.Release|iPhone.ActiveCfg = Release|Any CPU
		{CD29A0FB-8896-44DC-BA13-B53DF68A16A9}.Release|iPhone.Build.0 = Release|Any CPU
		{CD29A0FB-8896-44DC-BA13-B53DF68A16A9}.Release|iPhone.Deploy.0 = Release|Any CPU
		{CD29A0FB-8896-44DC-BA13-B53DF68A16A9}.Release|iPhoneSimulator.ActiveCfg = Release|Any CPU
		{CD29A0FB-8896-44DC-BA13-B53DF68A16A9}.Release|iPhoneSimulator.Build.0 = Release|Any CPU
		{CD29A0FB-8896-44DC-BA13-B53DF68A16A9}.Release|iPhoneSimulator.Deploy.0 = Release|Any CPU
		{CD29A0FB-8896-44DC-BA13-B53DF68A16A9}.Release|x64.ActiveCfg = Release|Any CPU
		{CD29A0FB-8896-44DC-BA13-B53DF68A16A9}.Release|x64.Build.0 = Release|Any CPU
		{CD29A0FB-8896-44DC-BA13-B53DF68A16A9}.Release|x64.Deploy.0 = Release|Any CPU
		{CD29A0FB-8896-44DC-BA13-B53DF68A16A9}.Release|x86.ActiveCfg = Release|Any CPU
		{CD29A0FB-8896-44DC-BA13-B53DF68A16A9}.Release|x86.Build.0 = Release|Any CPU
		{CD29A0FB-8896-44DC-BA13-B53DF68A16A9}.Release|x86.Deploy.0 = Release|Any CPU
		{4E64B5F2-4762-496F-82FF-BC846CA4FF07}.Ad-Hoc|Any CPU.ActiveCfg = Ad-Hoc|iPhoneSimulator
		{4E64B5F2-4762-496F-82FF-BC846CA4FF07}.Ad-Hoc|ARM.ActiveCfg = Ad-Hoc|iPhoneSimulator
		{4E64B5F2-4762-496F-82FF-BC846CA4FF07}.Ad-Hoc|ARM64.ActiveCfg = Ad-Hoc|iPhoneSimulator
		{4E64B5F2-4762-496F-82FF-BC846CA4FF07}.Ad-Hoc|iPhone.ActiveCfg = Ad-Hoc|iPhone
		{4E64B5F2-4762-496F-82FF-BC846CA4FF07}.Ad-Hoc|iPhone.Build.0 = Ad-Hoc|iPhone
		{4E64B5F2-4762-496F-82FF-BC846CA4FF07}.Ad-Hoc|iPhoneSimulator.ActiveCfg = Ad-Hoc|iPhoneSimulator
		{4E64B5F2-4762-496F-82FF-BC846CA4FF07}.Ad-Hoc|iPhoneSimulator.Build.0 = Ad-Hoc|iPhoneSimulator
		{4E64B5F2-4762-496F-82FF-BC846CA4FF07}.Ad-Hoc|x64.ActiveCfg = Ad-Hoc|iPhoneSimulator
		{4E64B5F2-4762-496F-82FF-BC846CA4FF07}.Ad-Hoc|x86.ActiveCfg = Ad-Hoc|iPhoneSimulator
		{4E64B5F2-4762-496F-82FF-BC846CA4FF07}.AppStore|Any CPU.ActiveCfg = AppStore|iPhoneSimulator
		{4E64B5F2-4762-496F-82FF-BC846CA4FF07}.AppStore|ARM.ActiveCfg = AppStore|iPhoneSimulator
		{4E64B5F2-4762-496F-82FF-BC846CA4FF07}.AppStore|ARM64.ActiveCfg = AppStore|iPhoneSimulator
		{4E64B5F2-4762-496F-82FF-BC846CA4FF07}.AppStore|iPhone.ActiveCfg = AppStore|iPhone
		{4E64B5F2-4762-496F-82FF-BC846CA4FF07}.AppStore|iPhone.Build.0 = AppStore|iPhone
		{4E64B5F2-4762-496F-82FF-BC846CA4FF07}.AppStore|iPhoneSimulator.ActiveCfg = AppStore|iPhoneSimulator
		{4E64B5F2-4762-496F-82FF-BC846CA4FF07}.AppStore|iPhoneSimulator.Build.0 = AppStore|iPhoneSimulator
		{4E64B5F2-4762-496F-82FF-BC846CA4FF07}.AppStore|x64.ActiveCfg = AppStore|iPhoneSimulator
		{4E64B5F2-4762-496F-82FF-BC846CA4FF07}.AppStore|x86.ActiveCfg = AppStore|iPhoneSimulator
		{4E64B5F2-4762-496F-82FF-BC846CA4FF07}.Debug|Any CPU.ActiveCfg = Debug|iPhoneSimulator
		{4E64B5F2-4762-496F-82FF-BC846CA4FF07}.Debug|Any CPU.Build.0 = Debug|iPhoneSimulator
		{4E64B5F2-4762-496F-82FF-BC846CA4FF07}.Debug|ARM.ActiveCfg = Debug|iPhoneSimulator
		{4E64B5F2-4762-496F-82FF-BC846CA4FF07}.Debug|ARM64.ActiveCfg = Debug|iPhoneSimulator
		{4E64B5F2-4762-496F-82FF-BC846CA4FF07}.Debug|iPhone.ActiveCfg = Debug|iPhone
		{4E64B5F2-4762-496F-82FF-BC846CA4FF07}.Debug|iPhone.Build.0 = Debug|iPhone
		{4E64B5F2-4762-496F-82FF-BC846CA4FF07}.Debug|iPhoneSimulator.ActiveCfg = Debug|iPhoneSimulator
		{4E64B5F2-4762-496F-82FF-BC846CA4FF07}.Debug|iPhoneSimulator.Build.0 = Debug|iPhoneSimulator
		{4E64B5F2-4762-496F-82FF-BC846CA4FF07}.Debug|x64.ActiveCfg = Debug|iPhoneSimulator
		{4E64B5F2-4762-496F-82FF-BC846CA4FF07}.Debug|x86.ActiveCfg = Debug|iPhoneSimulator
		{4E64B5F2-4762-496F-82FF-BC846CA4FF07}.Release|Any CPU.ActiveCfg = Release|iPhoneSimulator
		{4E64B5F2-4762-496F-82FF-BC846CA4FF07}.Release|ARM.ActiveCfg = Release|iPhoneSimulator
		{4E64B5F2-4762-496F-82FF-BC846CA4FF07}.Release|ARM64.ActiveCfg = Release|iPhoneSimulator
		{4E64B5F2-4762-496F-82FF-BC846CA4FF07}.Release|iPhone.ActiveCfg = Release|iPhone
		{4E64B5F2-4762-496F-82FF-BC846CA4FF07}.Release|iPhone.Build.0 = Release|iPhone
		{4E64B5F2-4762-496F-82FF-BC846CA4FF07}.Release|iPhoneSimulator.ActiveCfg = Release|iPhoneSimulator
		{4E64B5F2-4762-496F-82FF-BC846CA4FF07}.Release|iPhoneSimulator.Build.0 = Release|iPhoneSimulator
		{4E64B5F2-4762-496F-82FF-BC846CA4FF07}.Release|x64.ActiveCfg = Release|iPhoneSimulator
		{4E64B5F2-4762-496F-82FF-BC846CA4FF07}.Release|x86.ActiveCfg = Release|iPhoneSimulator
		{ED7C8118-AA19-4C5E-B0DB-A3793A64C8A1}.Ad-Hoc|Any CPU.ActiveCfg = Debug|x86
		{ED7C8118-AA19-4C5E-B0DB-A3793A64C8A1}.Ad-Hoc|Any CPU.Build.0 = Debug|x86
		{ED7C8118-AA19-4C5E-B0DB-A3793A64C8A1}.Ad-Hoc|Any CPU.Deploy.0 = Debug|x86
		{ED7C8118-AA19-4C5E-B0DB-A3793A64C8A1}.Ad-Hoc|ARM.ActiveCfg = Debug|ARM
		{ED7C8118-AA19-4C5E-B0DB-A3793A64C8A1}.Ad-Hoc|ARM.Build.0 = Debug|ARM
		{ED7C8118-AA19-4C5E-B0DB-A3793A64C8A1}.Ad-Hoc|ARM.Deploy.0 = Debug|ARM
		{ED7C8118-AA19-4C5E-B0DB-A3793A64C8A1}.Ad-Hoc|ARM64.ActiveCfg = Debug|ARM64
		{ED7C8118-AA19-4C5E-B0DB-A3793A64C8A1}.Ad-Hoc|ARM64.Build.0 = Debug|ARM64
		{ED7C8118-AA19-4C5E-B0DB-A3793A64C8A1}.Ad-Hoc|ARM64.Deploy.0 = Debug|ARM64
		{ED7C8118-AA19-4C5E-B0DB-A3793A64C8A1}.Ad-Hoc|iPhone.ActiveCfg = Debug|x86
		{ED7C8118-AA19-4C5E-B0DB-A3793A64C8A1}.Ad-Hoc|iPhone.Build.0 = Debug|x86
		{ED7C8118-AA19-4C5E-B0DB-A3793A64C8A1}.Ad-Hoc|iPhone.Deploy.0 = Debug|x86
		{ED7C8118-AA19-4C5E-B0DB-A3793A64C8A1}.Ad-Hoc|iPhoneSimulator.ActiveCfg = Debug|x86
		{ED7C8118-AA19-4C5E-B0DB-A3793A64C8A1}.Ad-Hoc|iPhoneSimulator.Build.0 = Debug|x86
		{ED7C8118-AA19-4C5E-B0DB-A3793A64C8A1}.Ad-Hoc|iPhoneSimulator.Deploy.0 = Debug|x86
		{ED7C8118-AA19-4C5E-B0DB-A3793A64C8A1}.Ad-Hoc|x64.ActiveCfg = Debug|x64
		{ED7C8118-AA19-4C5E-B0DB-A3793A64C8A1}.Ad-Hoc|x64.Build.0 = Debug|x64
		{ED7C8118-AA19-4C5E-B0DB-A3793A64C8A1}.Ad-Hoc|x64.Deploy.0 = Debug|x64
		{ED7C8118-AA19-4C5E-B0DB-A3793A64C8A1}.Ad-Hoc|x86.ActiveCfg = Debug|x86
		{ED7C8118-AA19-4C5E-B0DB-A3793A64C8A1}.Ad-Hoc|x86.Build.0 = Debug|x86
		{ED7C8118-AA19-4C5E-B0DB-A3793A64C8A1}.Ad-Hoc|x86.Deploy.0 = Debug|x86
		{ED7C8118-AA19-4C5E-B0DB-A3793A64C8A1}.AppStore|Any CPU.ActiveCfg = Debug|x86
		{ED7C8118-AA19-4C5E-B0DB-A3793A64C8A1}.AppStore|Any CPU.Build.0 = Debug|x86
		{ED7C8118-AA19-4C5E-B0DB-A3793A64C8A1}.AppStore|Any CPU.Deploy.0 = Debug|x86
		{ED7C8118-AA19-4C5E-B0DB-A3793A64C8A1}.AppStore|ARM.ActiveCfg = Debug|ARM
		{ED7C8118-AA19-4C5E-B0DB-A3793A64C8A1}.AppStore|ARM.Build.0 = Debug|ARM
		{ED7C8118-AA19-4C5E-B0DB-A3793A64C8A1}.AppStore|ARM.Deploy.0 = Debug|ARM
		{ED7C8118-AA19-4C5E-B0DB-A3793A64C8A1}.AppStore|ARM64.ActiveCfg = Debug|ARM64
		{ED7C8118-AA19-4C5E-B0DB-A3793A64C8A1}.AppStore|ARM64.Build.0 = Debug|ARM64
		{ED7C8118-AA19-4C5E-B0DB-A3793A64C8A1}.AppStore|ARM64.Deploy.0 = Debug|ARM64
		{ED7C8118-AA19-4C5E-B0DB-A3793A64C8A1}.AppStore|iPhone.ActiveCfg = Debug|x86
		{ED7C8118-AA19-4C5E-B0DB-A3793A64C8A1}.AppStore|iPhone.Build.0 = Debug|x86
		{ED7C8118-AA19-4C5E-B0DB-A3793A64C8A1}.AppStore|iPhone.Deploy.0 = Debug|x86
		{ED7C8118-AA19-4C5E-B0DB-A3793A64C8A1}.AppStore|iPhoneSimulator.ActiveCfg = Debug|x86
		{ED7C8118-AA19-4C5E-B0DB-A3793A64C8A1}.AppStore|iPhoneSimulator.Build.0 = Debug|x86
		{ED7C8118-AA19-4C5E-B0DB-A3793A64C8A1}.AppStore|iPhoneSimulator.Deploy.0 = Debug|x86
		{ED7C8118-AA19-4C5E-B0DB-A3793A64C8A1}.AppStore|x64.ActiveCfg = Debug|x64
		{ED7C8118-AA19-4C5E-B0DB-A3793A64C8A1}.AppStore|x64.Build.0 = Debug|x64
		{ED7C8118-AA19-4C5E-B0DB-A3793A64C8A1}.AppStore|x64.Deploy.0 = Debug|x64
		{ED7C8118-AA19-4C5E-B0DB-A3793A64C8A1}.AppStore|x86.ActiveCfg = Debug|x86
		{ED7C8118-AA19-4C5E-B0DB-A3793A64C8A1}.AppStore|x86.Build.0 = Debug|x86
		{ED7C8118-AA19-4C5E-B0DB-A3793A64C8A1}.AppStore|x86.Deploy.0 = Debug|x86
		{ED7C8118-AA19-4C5E-B0DB-A3793A64C8A1}.Debug|Any CPU.ActiveCfg = Debug|x86
		{ED7C8118-AA19-4C5E-B0DB-A3793A64C8A1}.Debug|Any CPU.Build.0 = Debug|x86
		{ED7C8118-AA19-4C5E-B0DB-A3793A64C8A1}.Debug|Any CPU.Deploy.0 = Debug|x86
		{ED7C8118-AA19-4C5E-B0DB-A3793A64C8A1}.Debug|ARM.ActiveCfg = Debug|ARM
		{ED7C8118-AA19-4C5E-B0DB-A3793A64C8A1}.Debug|ARM.Build.0 = Debug|ARM
		{ED7C8118-AA19-4C5E-B0DB-A3793A64C8A1}.Debug|ARM.Deploy.0 = Debug|ARM
		{ED7C8118-AA19-4C5E-B0DB-A3793A64C8A1}.Debug|ARM64.ActiveCfg = Debug|ARM64
		{ED7C8118-AA19-4C5E-B0DB-A3793A64C8A1}.Debug|ARM64.Build.0 = Debug|ARM64
		{ED7C8118-AA19-4C5E-B0DB-A3793A64C8A1}.Debug|ARM64.Deploy.0 = Debug|ARM64
		{ED7C8118-AA19-4C5E-B0DB-A3793A64C8A1}.Debug|iPhone.ActiveCfg = Debug|x86
		{ED7C8118-AA19-4C5E-B0DB-A3793A64C8A1}.Debug|iPhoneSimulator.ActiveCfg = Debug|x86
		{ED7C8118-AA19-4C5E-B0DB-A3793A64C8A1}.Debug|x64.ActiveCfg = Debug|x64
		{ED7C8118-AA19-4C5E-B0DB-A3793A64C8A1}.Debug|x64.Build.0 = Debug|x64
		{ED7C8118-AA19-4C5E-B0DB-A3793A64C8A1}.Debug|x64.Deploy.0 = Debug|x64
		{ED7C8118-AA19-4C5E-B0DB-A3793A64C8A1}.Debug|x86.ActiveCfg = Debug|x86
		{ED7C8118-AA19-4C5E-B0DB-A3793A64C8A1}.Release|Any CPU.ActiveCfg = Release|x86
		{ED7C8118-AA19-4C5E-B0DB-A3793A64C8A1}.Release|ARM.ActiveCfg = Release|ARM
		{ED7C8118-AA19-4C5E-B0DB-A3793A64C8A1}.Release|ARM.Build.0 = Release|ARM
		{ED7C8118-AA19-4C5E-B0DB-A3793A64C8A1}.Release|ARM.Deploy.0 = Release|ARM
		{ED7C8118-AA19-4C5E-B0DB-A3793A64C8A1}.Release|ARM64.ActiveCfg = Release|ARM64
		{ED7C8118-AA19-4C5E-B0DB-A3793A64C8A1}.Release|ARM64.Build.0 = Release|ARM64
		{ED7C8118-AA19-4C5E-B0DB-A3793A64C8A1}.Release|ARM64.Deploy.0 = Release|ARM64
		{ED7C8118-AA19-4C5E-B0DB-A3793A64C8A1}.Release|iPhone.ActiveCfg = Release|x86
		{ED7C8118-AA19-4C5E-B0DB-A3793A64C8A1}.Release|iPhoneSimulator.ActiveCfg = Release|x86
		{ED7C8118-AA19-4C5E-B0DB-A3793A64C8A1}.Release|x64.ActiveCfg = Release|x64
		{ED7C8118-AA19-4C5E-B0DB-A3793A64C8A1}.Release|x64.Build.0 = Release|x64
		{ED7C8118-AA19-4C5E-B0DB-A3793A64C8A1}.Release|x64.Deploy.0 = Release|x64
		{ED7C8118-AA19-4C5E-B0DB-A3793A64C8A1}.Release|x86.ActiveCfg = Release|x86
		{ED7C8118-AA19-4C5E-B0DB-A3793A64C8A1}.Release|x86.Build.0 = Release|x86
		{ED7C8118-AA19-4C5E-B0DB-A3793A64C8A1}.Release|x86.Deploy.0 = Release|x86
		{D2D0D68C-0D39-433D-9703-E20692699971}.Ad-Hoc|Any CPU.ActiveCfg = Debug|Any CPU
		{D2D0D68C-0D39-433D-9703-E20692699971}.Ad-Hoc|Any CPU.Build.0 = Debug|Any CPU
		{D2D0D68C-0D39-433D-9703-E20692699971}.Ad-Hoc|ARM.ActiveCfg = Debug|Any CPU
		{D2D0D68C-0D39-433D-9703-E20692699971}.Ad-Hoc|ARM.Build.0 = Debug|Any CPU
		{D2D0D68C-0D39-433D-9703-E20692699971}.Ad-Hoc|ARM64.ActiveCfg = Debug|Any CPU
		{D2D0D68C-0D39-433D-9703-E20692699971}.Ad-Hoc|ARM64.Build.0 = Debug|Any CPU
		{D2D0D68C-0D39-433D-9703-E20692699971}.Ad-Hoc|iPhone.ActiveCfg = Debug|Any CPU
		{D2D0D68C-0D39-433D-9703-E20692699971}.Ad-Hoc|iPhone.Build.0 = Debug|Any CPU
		{D2D0D68C-0D39-433D-9703-E20692699971}.Ad-Hoc|iPhoneSimulator.ActiveCfg = Debug|Any CPU
		{D2D0D68C-0D39-433D-9703-E20692699971}.Ad-Hoc|iPhoneSimulator.Build.0 = Debug|Any CPU
		{D2D0D68C-0D39-433D-9703-E20692699971}.Ad-Hoc|x64.ActiveCfg = Debug|Any CPU
		{D2D0D68C-0D39-433D-9703-E20692699971}.Ad-Hoc|x64.Build.0 = Debug|Any CPU
		{D2D0D68C-0D39-433D-9703-E20692699971}.Ad-Hoc|x86.ActiveCfg = Debug|Any CPU
		{D2D0D68C-0D39-433D-9703-E20692699971}.Ad-Hoc|x86.Build.0 = Debug|Any CPU
		{D2D0D68C-0D39-433D-9703-E20692699971}.AppStore|Any CPU.ActiveCfg = Debug|Any CPU
		{D2D0D68C-0D39-433D-9703-E20692699971}.AppStore|Any CPU.Build.0 = Debug|Any CPU
		{D2D0D68C-0D39-433D-9703-E20692699971}.AppStore|ARM.ActiveCfg = Debug|Any CPU
		{D2D0D68C-0D39-433D-9703-E20692699971}.AppStore|ARM.Build.0 = Debug|Any CPU
		{D2D0D68C-0D39-433D-9703-E20692699971}.AppStore|ARM64.ActiveCfg = Debug|Any CPU
		{D2D0D68C-0D39-433D-9703-E20692699971}.AppStore|ARM64.Build.0 = Debug|Any CPU
		{D2D0D68C-0D39-433D-9703-E20692699971}.AppStore|iPhone.ActiveCfg = Debug|Any CPU
		{D2D0D68C-0D39-433D-9703-E20692699971}.AppStore|iPhone.Build.0 = Debug|Any CPU
		{D2D0D68C-0D39-433D-9703-E20692699971}.AppStore|iPhoneSimulator.ActiveCfg = Debug|Any CPU
		{D2D0D68C-0D39-433D-9703-E20692699971}.AppStore|iPhoneSimulator.Build.0 = Debug|Any CPU
		{D2D0D68C-0D39-433D-9703-E20692699971}.AppStore|x64.ActiveCfg = Debug|Any CPU
		{D2D0D68C-0D39-433D-9703-E20692699971}.AppStore|x64.Build.0 = Debug|Any CPU
		{D2D0D68C-0D39-433D-9703-E20692699971}.AppStore|x86.ActiveCfg = Debug|Any CPU
		{D2D0D68C-0D39-433D-9703-E20692699971}.AppStore|x86.Build.0 = Debug|Any CPU
		{D2D0D68C-0D39-433D-9703-E20692699971}.Debug|Any CPU.ActiveCfg = Debug|Any CPU
		{D2D0D68C-0D39-433D-9703-E20692699971}.Debug|Any CPU.Build.0 = Debug|Any CPU
		{D2D0D68C-0D39-433D-9703-E20692699971}.Debug|ARM.ActiveCfg = Debug|Any CPU
		{D2D0D68C-0D39-433D-9703-E20692699971}.Debug|ARM.Build.0 = Debug|Any CPU
		{D2D0D68C-0D39-433D-9703-E20692699971}.Debug|ARM64.ActiveCfg = Debug|Any CPU
		{D2D0D68C-0D39-433D-9703-E20692699971}.Debug|ARM64.Build.0 = Debug|Any CPU
		{D2D0D68C-0D39-433D-9703-E20692699971}.Debug|iPhone.ActiveCfg = Debug|Any CPU
		{D2D0D68C-0D39-433D-9703-E20692699971}.Debug|iPhone.Build.0 = Debug|Any CPU
		{D2D0D68C-0D39-433D-9703-E20692699971}.Debug|iPhoneSimulator.ActiveCfg = Debug|Any CPU
		{D2D0D68C-0D39-433D-9703-E20692699971}.Debug|iPhoneSimulator.Build.0 = Debug|Any CPU
		{D2D0D68C-0D39-433D-9703-E20692699971}.Debug|x64.ActiveCfg = Debug|Any CPU
		{D2D0D68C-0D39-433D-9703-E20692699971}.Debug|x64.Build.0 = Debug|Any CPU
		{D2D0D68C-0D39-433D-9703-E20692699971}.Debug|x86.ActiveCfg = Debug|Any CPU
		{D2D0D68C-0D39-433D-9703-E20692699971}.Release|Any CPU.ActiveCfg = Release|Any CPU
		{D2D0D68C-0D39-433D-9703-E20692699971}.Release|Any CPU.Build.0 = Release|Any CPU
		{D2D0D68C-0D39-433D-9703-E20692699971}.Release|ARM.ActiveCfg = Release|Any CPU
		{D2D0D68C-0D39-433D-9703-E20692699971}.Release|ARM.Build.0 = Release|Any CPU
		{D2D0D68C-0D39-433D-9703-E20692699971}.Release|ARM64.ActiveCfg = Release|Any CPU
		{D2D0D68C-0D39-433D-9703-E20692699971}.Release|ARM64.Build.0 = Release|Any CPU
		{D2D0D68C-0D39-433D-9703-E20692699971}.Release|iPhone.ActiveCfg = Release|Any CPU
		{D2D0D68C-0D39-433D-9703-E20692699971}.Release|iPhone.Build.0 = Release|Any CPU
		{D2D0D68C-0D39-433D-9703-E20692699971}.Release|iPhoneSimulator.ActiveCfg = Release|Any CPU
		{D2D0D68C-0D39-433D-9703-E20692699971}.Release|iPhoneSimulator.Build.0 = Release|Any CPU
		{D2D0D68C-0D39-433D-9703-E20692699971}.Release|x64.ActiveCfg = Release|Any CPU
		{D2D0D68C-0D39-433D-9703-E20692699971}.Release|x64.Build.0 = Release|Any CPU
		{D2D0D68C-0D39-433D-9703-E20692699971}.Release|x86.ActiveCfg = Release|Any CPU
		{D2D0D68C-0D39-433D-9703-E20692699971}.Release|x86.Build.0 = Release|Any CPU
		{3D5D0002-C8CA-438F-BC14-825AE3DEC6C4}.Ad-Hoc|Any CPU.ActiveCfg = Debug|iPhoneSimulator
		{3D5D0002-C8CA-438F-BC14-825AE3DEC6C4}.Ad-Hoc|Any CPU.Build.0 = Debug|iPhoneSimulator
		{3D5D0002-C8CA-438F-BC14-825AE3DEC6C4}.Ad-Hoc|ARM.ActiveCfg = Debug|iPhoneSimulator
		{3D5D0002-C8CA-438F-BC14-825AE3DEC6C4}.Ad-Hoc|ARM.Build.0 = Debug|iPhoneSimulator
		{3D5D0002-C8CA-438F-BC14-825AE3DEC6C4}.Ad-Hoc|ARM64.ActiveCfg = Debug|iPhoneSimulator
		{3D5D0002-C8CA-438F-BC14-825AE3DEC6C4}.Ad-Hoc|ARM64.Build.0 = Debug|iPhoneSimulator
		{3D5D0002-C8CA-438F-BC14-825AE3DEC6C4}.Ad-Hoc|iPhone.ActiveCfg = Debug|iPhoneSimulator
		{3D5D0002-C8CA-438F-BC14-825AE3DEC6C4}.Ad-Hoc|iPhone.Build.0 = Debug|iPhoneSimulator
		{3D5D0002-C8CA-438F-BC14-825AE3DEC6C4}.Ad-Hoc|iPhoneSimulator.ActiveCfg = Debug|iPhoneSimulator
		{3D5D0002-C8CA-438F-BC14-825AE3DEC6C4}.Ad-Hoc|iPhoneSimulator.Build.0 = Debug|iPhoneSimulator
		{3D5D0002-C8CA-438F-BC14-825AE3DEC6C4}.Ad-Hoc|x64.ActiveCfg = Debug|iPhoneSimulator
		{3D5D0002-C8CA-438F-BC14-825AE3DEC6C4}.Ad-Hoc|x64.Build.0 = Debug|iPhoneSimulator
		{3D5D0002-C8CA-438F-BC14-825AE3DEC6C4}.Ad-Hoc|x86.ActiveCfg = Debug|iPhoneSimulator
		{3D5D0002-C8CA-438F-BC14-825AE3DEC6C4}.Ad-Hoc|x86.Build.0 = Debug|iPhoneSimulator
		{3D5D0002-C8CA-438F-BC14-825AE3DEC6C4}.AppStore|Any CPU.ActiveCfg = Debug|iPhoneSimulator
		{3D5D0002-C8CA-438F-BC14-825AE3DEC6C4}.AppStore|Any CPU.Build.0 = Debug|iPhoneSimulator
		{3D5D0002-C8CA-438F-BC14-825AE3DEC6C4}.AppStore|ARM.ActiveCfg = Debug|iPhoneSimulator
		{3D5D0002-C8CA-438F-BC14-825AE3DEC6C4}.AppStore|ARM.Build.0 = Debug|iPhoneSimulator
		{3D5D0002-C8CA-438F-BC14-825AE3DEC6C4}.AppStore|ARM64.ActiveCfg = Debug|iPhoneSimulator
		{3D5D0002-C8CA-438F-BC14-825AE3DEC6C4}.AppStore|ARM64.Build.0 = Debug|iPhoneSimulator
		{3D5D0002-C8CA-438F-BC14-825AE3DEC6C4}.AppStore|iPhone.ActiveCfg = Debug|iPhoneSimulator
		{3D5D0002-C8CA-438F-BC14-825AE3DEC6C4}.AppStore|iPhone.Build.0 = Debug|iPhoneSimulator
		{3D5D0002-C8CA-438F-BC14-825AE3DEC6C4}.AppStore|iPhoneSimulator.ActiveCfg = Debug|iPhoneSimulator
		{3D5D0002-C8CA-438F-BC14-825AE3DEC6C4}.AppStore|iPhoneSimulator.Build.0 = Debug|iPhoneSimulator
		{3D5D0002-C8CA-438F-BC14-825AE3DEC6C4}.AppStore|x64.ActiveCfg = Debug|iPhoneSimulator
		{3D5D0002-C8CA-438F-BC14-825AE3DEC6C4}.AppStore|x64.Build.0 = Debug|iPhoneSimulator
		{3D5D0002-C8CA-438F-BC14-825AE3DEC6C4}.AppStore|x86.ActiveCfg = Debug|iPhoneSimulator
		{3D5D0002-C8CA-438F-BC14-825AE3DEC6C4}.AppStore|x86.Build.0 = Debug|iPhoneSimulator
		{3D5D0002-C8CA-438F-BC14-825AE3DEC6C4}.Debug|Any CPU.ActiveCfg = Debug|iPhoneSimulator
		{3D5D0002-C8CA-438F-BC14-825AE3DEC6C4}.Debug|Any CPU.Build.0 = Debug|iPhoneSimulator
		{3D5D0002-C8CA-438F-BC14-825AE3DEC6C4}.Debug|ARM.ActiveCfg = Debug|iPhoneSimulator
		{3D5D0002-C8CA-438F-BC14-825AE3DEC6C4}.Debug|ARM64.ActiveCfg = Debug|iPhoneSimulator
		{3D5D0002-C8CA-438F-BC14-825AE3DEC6C4}.Debug|iPhone.ActiveCfg = Debug|iPhoneSimulator
		{3D5D0002-C8CA-438F-BC14-825AE3DEC6C4}.Debug|iPhoneSimulator.ActiveCfg = Debug|iPhoneSimulator
		{3D5D0002-C8CA-438F-BC14-825AE3DEC6C4}.Debug|iPhoneSimulator.Build.0 = Debug|iPhoneSimulator
		{3D5D0002-C8CA-438F-BC14-825AE3DEC6C4}.Debug|x64.ActiveCfg = Debug|iPhoneSimulator
		{3D5D0002-C8CA-438F-BC14-825AE3DEC6C4}.Debug|x86.ActiveCfg = Debug|iPhoneSimulator
		{3D5D0002-C8CA-438F-BC14-825AE3DEC6C4}.Release|Any CPU.ActiveCfg = Release|iPhoneSimulator
		{3D5D0002-C8CA-438F-BC14-825AE3DEC6C4}.Release|ARM.ActiveCfg = Release|iPhoneSimulator
		{3D5D0002-C8CA-438F-BC14-825AE3DEC6C4}.Release|ARM64.ActiveCfg = Release|iPhoneSimulator
		{3D5D0002-C8CA-438F-BC14-825AE3DEC6C4}.Release|iPhone.ActiveCfg = Release|iPhoneSimulator
		{3D5D0002-C8CA-438F-BC14-825AE3DEC6C4}.Release|iPhoneSimulator.ActiveCfg = Release|iPhoneSimulator
		{3D5D0002-C8CA-438F-BC14-825AE3DEC6C4}.Release|iPhoneSimulator.Build.0 = Release|iPhoneSimulator
		{3D5D0002-C8CA-438F-BC14-825AE3DEC6C4}.Release|x64.ActiveCfg = Release|iPhoneSimulator
		{3D5D0002-C8CA-438F-BC14-825AE3DEC6C4}.Release|x86.ActiveCfg = Release|iPhoneSimulator
		{483C9122-76DC-477E-80E3-90F8DB8D99F7}.Ad-Hoc|Any CPU.ActiveCfg = Debug|Any CPU
		{483C9122-76DC-477E-80E3-90F8DB8D99F7}.Ad-Hoc|Any CPU.Build.0 = Debug|Any CPU
		{483C9122-76DC-477E-80E3-90F8DB8D99F7}.Ad-Hoc|ARM.ActiveCfg = Debug|Any CPU
		{483C9122-76DC-477E-80E3-90F8DB8D99F7}.Ad-Hoc|ARM.Build.0 = Debug|Any CPU
		{483C9122-76DC-477E-80E3-90F8DB8D99F7}.Ad-Hoc|ARM64.ActiveCfg = Debug|Any CPU
		{483C9122-76DC-477E-80E3-90F8DB8D99F7}.Ad-Hoc|ARM64.Build.0 = Debug|Any CPU
		{483C9122-76DC-477E-80E3-90F8DB8D99F7}.Ad-Hoc|iPhone.ActiveCfg = Debug|Any CPU
		{483C9122-76DC-477E-80E3-90F8DB8D99F7}.Ad-Hoc|iPhone.Build.0 = Debug|Any CPU
		{483C9122-76DC-477E-80E3-90F8DB8D99F7}.Ad-Hoc|iPhoneSimulator.ActiveCfg = Debug|Any CPU
		{483C9122-76DC-477E-80E3-90F8DB8D99F7}.Ad-Hoc|iPhoneSimulator.Build.0 = Debug|Any CPU
		{483C9122-76DC-477E-80E3-90F8DB8D99F7}.Ad-Hoc|x64.ActiveCfg = Debug|Any CPU
		{483C9122-76DC-477E-80E3-90F8DB8D99F7}.Ad-Hoc|x64.Build.0 = Debug|Any CPU
		{483C9122-76DC-477E-80E3-90F8DB8D99F7}.Ad-Hoc|x86.ActiveCfg = Debug|Any CPU
		{483C9122-76DC-477E-80E3-90F8DB8D99F7}.Ad-Hoc|x86.Build.0 = Debug|Any CPU
		{483C9122-76DC-477E-80E3-90F8DB8D99F7}.AppStore|Any CPU.ActiveCfg = Debug|Any CPU
		{483C9122-76DC-477E-80E3-90F8DB8D99F7}.AppStore|Any CPU.Build.0 = Debug|Any CPU
		{483C9122-76DC-477E-80E3-90F8DB8D99F7}.AppStore|ARM.ActiveCfg = Debug|Any CPU
		{483C9122-76DC-477E-80E3-90F8DB8D99F7}.AppStore|ARM.Build.0 = Debug|Any CPU
		{483C9122-76DC-477E-80E3-90F8DB8D99F7}.AppStore|ARM64.ActiveCfg = Debug|Any CPU
		{483C9122-76DC-477E-80E3-90F8DB8D99F7}.AppStore|ARM64.Build.0 = Debug|Any CPU
		{483C9122-76DC-477E-80E3-90F8DB8D99F7}.AppStore|iPhone.ActiveCfg = Debug|Any CPU
		{483C9122-76DC-477E-80E3-90F8DB8D99F7}.AppStore|iPhone.Build.0 = Debug|Any CPU
		{483C9122-76DC-477E-80E3-90F8DB8D99F7}.AppStore|iPhoneSimulator.ActiveCfg = Debug|Any CPU
		{483C9122-76DC-477E-80E3-90F8DB8D99F7}.AppStore|iPhoneSimulator.Build.0 = Debug|Any CPU
		{483C9122-76DC-477E-80E3-90F8DB8D99F7}.AppStore|x64.ActiveCfg = Debug|Any CPU
		{483C9122-76DC-477E-80E3-90F8DB8D99F7}.AppStore|x64.Build.0 = Debug|Any CPU
		{483C9122-76DC-477E-80E3-90F8DB8D99F7}.AppStore|x86.ActiveCfg = Debug|Any CPU
		{483C9122-76DC-477E-80E3-90F8DB8D99F7}.AppStore|x86.Build.0 = Debug|Any CPU
		{483C9122-76DC-477E-80E3-90F8DB8D99F7}.Debug|Any CPU.ActiveCfg = Debug|Any CPU
		{483C9122-76DC-477E-80E3-90F8DB8D99F7}.Debug|Any CPU.Build.0 = Debug|Any CPU
		{483C9122-76DC-477E-80E3-90F8DB8D99F7}.Debug|ARM.ActiveCfg = Debug|Any CPU
		{483C9122-76DC-477E-80E3-90F8DB8D99F7}.Debug|ARM.Build.0 = Debug|Any CPU
		{483C9122-76DC-477E-80E3-90F8DB8D99F7}.Debug|ARM64.ActiveCfg = Debug|Any CPU
		{483C9122-76DC-477E-80E3-90F8DB8D99F7}.Debug|ARM64.Build.0 = Debug|Any CPU
		{483C9122-76DC-477E-80E3-90F8DB8D99F7}.Debug|iPhone.ActiveCfg = Debug|Any CPU
		{483C9122-76DC-477E-80E3-90F8DB8D99F7}.Debug|iPhone.Build.0 = Debug|Any CPU
		{483C9122-76DC-477E-80E3-90F8DB8D99F7}.Debug|iPhoneSimulator.ActiveCfg = Debug|Any CPU
		{483C9122-76DC-477E-80E3-90F8DB8D99F7}.Debug|iPhoneSimulator.Build.0 = Debug|Any CPU
		{483C9122-76DC-477E-80E3-90F8DB8D99F7}.Debug|x64.ActiveCfg = Debug|Any CPU
		{483C9122-76DC-477E-80E3-90F8DB8D99F7}.Debug|x64.Build.0 = Debug|Any CPU
		{483C9122-76DC-477E-80E3-90F8DB8D99F7}.Debug|x86.ActiveCfg = Debug|Any CPU
		{483C9122-76DC-477E-80E3-90F8DB8D99F7}.Release|Any CPU.ActiveCfg = Release|Any CPU
		{483C9122-76DC-477E-80E3-90F8DB8D99F7}.Release|Any CPU.Build.0 = Release|Any CPU
		{483C9122-76DC-477E-80E3-90F8DB8D99F7}.Release|ARM.ActiveCfg = Release|Any CPU
		{483C9122-76DC-477E-80E3-90F8DB8D99F7}.Release|ARM.Build.0 = Release|Any CPU
		{483C9122-76DC-477E-80E3-90F8DB8D99F7}.Release|ARM64.ActiveCfg = Release|Any CPU
		{483C9122-76DC-477E-80E3-90F8DB8D99F7}.Release|ARM64.Build.0 = Release|Any CPU
		{483C9122-76DC-477E-80E3-90F8DB8D99F7}.Release|iPhone.ActiveCfg = Release|Any CPU
		{483C9122-76DC-477E-80E3-90F8DB8D99F7}.Release|iPhone.Build.0 = Release|Any CPU
		{483C9122-76DC-477E-80E3-90F8DB8D99F7}.Release|iPhoneSimulator.ActiveCfg = Release|Any CPU
		{483C9122-76DC-477E-80E3-90F8DB8D99F7}.Release|iPhoneSimulator.Build.0 = Release|Any CPU
		{483C9122-76DC-477E-80E3-90F8DB8D99F7}.Release|x64.ActiveCfg = Release|Any CPU
		{483C9122-76DC-477E-80E3-90F8DB8D99F7}.Release|x64.Build.0 = Release|Any CPU
		{483C9122-76DC-477E-80E3-90F8DB8D99F7}.Release|x86.ActiveCfg = Release|Any CPU
		{483C9122-76DC-477E-80E3-90F8DB8D99F7}.Release|x86.Build.0 = Release|Any CPU
		{AFAD5400-143B-40FE-A187-7E8BF8753B71}.Ad-Hoc|Any CPU.ActiveCfg = Debug|Any CPU
		{AFAD5400-143B-40FE-A187-7E8BF8753B71}.Ad-Hoc|Any CPU.Build.0 = Debug|Any CPU
		{AFAD5400-143B-40FE-A187-7E8BF8753B71}.Ad-Hoc|ARM.ActiveCfg = Debug|Any CPU
		{AFAD5400-143B-40FE-A187-7E8BF8753B71}.Ad-Hoc|ARM.Build.0 = Debug|Any CPU
		{AFAD5400-143B-40FE-A187-7E8BF8753B71}.Ad-Hoc|ARM64.ActiveCfg = Debug|Any CPU
		{AFAD5400-143B-40FE-A187-7E8BF8753B71}.Ad-Hoc|ARM64.Build.0 = Debug|Any CPU
		{AFAD5400-143B-40FE-A187-7E8BF8753B71}.Ad-Hoc|iPhone.ActiveCfg = Debug|Any CPU
		{AFAD5400-143B-40FE-A187-7E8BF8753B71}.Ad-Hoc|iPhone.Build.0 = Debug|Any CPU
		{AFAD5400-143B-40FE-A187-7E8BF8753B71}.Ad-Hoc|iPhoneSimulator.ActiveCfg = Debug|Any CPU
		{AFAD5400-143B-40FE-A187-7E8BF8753B71}.Ad-Hoc|iPhoneSimulator.Build.0 = Debug|Any CPU
		{AFAD5400-143B-40FE-A187-7E8BF8753B71}.Ad-Hoc|x64.ActiveCfg = Debug|Any CPU
		{AFAD5400-143B-40FE-A187-7E8BF8753B71}.Ad-Hoc|x64.Build.0 = Debug|Any CPU
		{AFAD5400-143B-40FE-A187-7E8BF8753B71}.Ad-Hoc|x86.ActiveCfg = Debug|Any CPU
		{AFAD5400-143B-40FE-A187-7E8BF8753B71}.Ad-Hoc|x86.Build.0 = Debug|Any CPU
		{AFAD5400-143B-40FE-A187-7E8BF8753B71}.AppStore|Any CPU.ActiveCfg = Debug|Any CPU
		{AFAD5400-143B-40FE-A187-7E8BF8753B71}.AppStore|Any CPU.Build.0 = Debug|Any CPU
		{AFAD5400-143B-40FE-A187-7E8BF8753B71}.AppStore|ARM.ActiveCfg = Debug|Any CPU
		{AFAD5400-143B-40FE-A187-7E8BF8753B71}.AppStore|ARM.Build.0 = Debug|Any CPU
		{AFAD5400-143B-40FE-A187-7E8BF8753B71}.AppStore|ARM64.ActiveCfg = Debug|Any CPU
		{AFAD5400-143B-40FE-A187-7E8BF8753B71}.AppStore|ARM64.Build.0 = Debug|Any CPU
		{AFAD5400-143B-40FE-A187-7E8BF8753B71}.AppStore|iPhone.ActiveCfg = Debug|Any CPU
		{AFAD5400-143B-40FE-A187-7E8BF8753B71}.AppStore|iPhone.Build.0 = Debug|Any CPU
		{AFAD5400-143B-40FE-A187-7E8BF8753B71}.AppStore|iPhoneSimulator.ActiveCfg = Debug|Any CPU
		{AFAD5400-143B-40FE-A187-7E8BF8753B71}.AppStore|iPhoneSimulator.Build.0 = Debug|Any CPU
		{AFAD5400-143B-40FE-A187-7E8BF8753B71}.AppStore|x64.ActiveCfg = Debug|Any CPU
		{AFAD5400-143B-40FE-A187-7E8BF8753B71}.AppStore|x64.Build.0 = Debug|Any CPU
		{AFAD5400-143B-40FE-A187-7E8BF8753B71}.AppStore|x86.ActiveCfg = Debug|Any CPU
		{AFAD5400-143B-40FE-A187-7E8BF8753B71}.AppStore|x86.Build.0 = Debug|Any CPU
		{AFAD5400-143B-40FE-A187-7E8BF8753B71}.Debug|Any CPU.ActiveCfg = Debug|Any CPU
		{AFAD5400-143B-40FE-A187-7E8BF8753B71}.Debug|Any CPU.Build.0 = Debug|Any CPU
		{AFAD5400-143B-40FE-A187-7E8BF8753B71}.Debug|ARM.ActiveCfg = Debug|Any CPU
		{AFAD5400-143B-40FE-A187-7E8BF8753B71}.Debug|ARM.Build.0 = Debug|Any CPU
		{AFAD5400-143B-40FE-A187-7E8BF8753B71}.Debug|ARM64.ActiveCfg = Debug|Any CPU
		{AFAD5400-143B-40FE-A187-7E8BF8753B71}.Debug|ARM64.Build.0 = Debug|Any CPU
		{AFAD5400-143B-40FE-A187-7E8BF8753B71}.Debug|iPhone.ActiveCfg = Debug|Any CPU
		{AFAD5400-143B-40FE-A187-7E8BF8753B71}.Debug|iPhone.Build.0 = Debug|Any CPU
		{AFAD5400-143B-40FE-A187-7E8BF8753B71}.Debug|iPhoneSimulator.ActiveCfg = Debug|Any CPU
		{AFAD5400-143B-40FE-A187-7E8BF8753B71}.Debug|iPhoneSimulator.Build.0 = Debug|Any CPU
		{AFAD5400-143B-40FE-A187-7E8BF8753B71}.Debug|x64.ActiveCfg = Debug|Any CPU
		{AFAD5400-143B-40FE-A187-7E8BF8753B71}.Debug|x64.Build.0 = Debug|Any CPU
		{AFAD5400-143B-40FE-A187-7E8BF8753B71}.Debug|x86.ActiveCfg = Debug|Any CPU
		{AFAD5400-143B-40FE-A187-7E8BF8753B71}.Release|Any CPU.ActiveCfg = Release|Any CPU
		{AFAD5400-143B-40FE-A187-7E8BF8753B71}.Release|Any CPU.Build.0 = Release|Any CPU
		{AFAD5400-143B-40FE-A187-7E8BF8753B71}.Release|ARM.ActiveCfg = Release|Any CPU
		{AFAD5400-143B-40FE-A187-7E8BF8753B71}.Release|ARM.Build.0 = Release|Any CPU
		{AFAD5400-143B-40FE-A187-7E8BF8753B71}.Release|ARM64.ActiveCfg = Release|Any CPU
		{AFAD5400-143B-40FE-A187-7E8BF8753B71}.Release|ARM64.Build.0 = Release|Any CPU
		{AFAD5400-143B-40FE-A187-7E8BF8753B71}.Release|iPhone.ActiveCfg = Release|Any CPU
		{AFAD5400-143B-40FE-A187-7E8BF8753B71}.Release|iPhone.Build.0 = Release|Any CPU
		{AFAD5400-143B-40FE-A187-7E8BF8753B71}.Release|iPhoneSimulator.ActiveCfg = Release|Any CPU
		{AFAD5400-143B-40FE-A187-7E8BF8753B71}.Release|iPhoneSimulator.Build.0 = Release|Any CPU
		{AFAD5400-143B-40FE-A187-7E8BF8753B71}.Release|x64.ActiveCfg = Release|Any CPU
		{AFAD5400-143B-40FE-A187-7E8BF8753B71}.Release|x64.Build.0 = Release|Any CPU
		{AFAD5400-143B-40FE-A187-7E8BF8753B71}.Release|x86.ActiveCfg = Release|Any CPU
		{AFAD5400-143B-40FE-A187-7E8BF8753B71}.Release|x86.Build.0 = Release|Any CPU
		{AFEC5893-1BD5-4E66-A23C-B649B801D515}.Ad-Hoc|Any CPU.ActiveCfg = Debug|Any CPU
		{AFEC5893-1BD5-4E66-A23C-B649B801D515}.Ad-Hoc|Any CPU.Build.0 = Debug|Any CPU
		{AFEC5893-1BD5-4E66-A23C-B649B801D515}.Ad-Hoc|ARM.ActiveCfg = Debug|Any CPU
		{AFEC5893-1BD5-4E66-A23C-B649B801D515}.Ad-Hoc|ARM.Build.0 = Debug|Any CPU
		{AFEC5893-1BD5-4E66-A23C-B649B801D515}.Ad-Hoc|ARM64.ActiveCfg = Debug|Any CPU
		{AFEC5893-1BD5-4E66-A23C-B649B801D515}.Ad-Hoc|ARM64.Build.0 = Debug|Any CPU
		{AFEC5893-1BD5-4E66-A23C-B649B801D515}.Ad-Hoc|iPhone.ActiveCfg = Debug|Any CPU
		{AFEC5893-1BD5-4E66-A23C-B649B801D515}.Ad-Hoc|iPhone.Build.0 = Debug|Any CPU
		{AFEC5893-1BD5-4E66-A23C-B649B801D515}.Ad-Hoc|iPhoneSimulator.ActiveCfg = Debug|Any CPU
		{AFEC5893-1BD5-4E66-A23C-B649B801D515}.Ad-Hoc|iPhoneSimulator.Build.0 = Debug|Any CPU
		{AFEC5893-1BD5-4E66-A23C-B649B801D515}.Ad-Hoc|x64.ActiveCfg = Debug|Any CPU
		{AFEC5893-1BD5-4E66-A23C-B649B801D515}.Ad-Hoc|x64.Build.0 = Debug|Any CPU
		{AFEC5893-1BD5-4E66-A23C-B649B801D515}.Ad-Hoc|x86.ActiveCfg = Debug|Any CPU
		{AFEC5893-1BD5-4E66-A23C-B649B801D515}.Ad-Hoc|x86.Build.0 = Debug|Any CPU
		{AFEC5893-1BD5-4E66-A23C-B649B801D515}.AppStore|Any CPU.ActiveCfg = Debug|Any CPU
		{AFEC5893-1BD5-4E66-A23C-B649B801D515}.AppStore|Any CPU.Build.0 = Debug|Any CPU
		{AFEC5893-1BD5-4E66-A23C-B649B801D515}.AppStore|ARM.ActiveCfg = Debug|Any CPU
		{AFEC5893-1BD5-4E66-A23C-B649B801D515}.AppStore|ARM.Build.0 = Debug|Any CPU
		{AFEC5893-1BD5-4E66-A23C-B649B801D515}.AppStore|ARM64.ActiveCfg = Debug|Any CPU
		{AFEC5893-1BD5-4E66-A23C-B649B801D515}.AppStore|ARM64.Build.0 = Debug|Any CPU
		{AFEC5893-1BD5-4E66-A23C-B649B801D515}.AppStore|iPhone.ActiveCfg = Debug|Any CPU
		{AFEC5893-1BD5-4E66-A23C-B649B801D515}.AppStore|iPhone.Build.0 = Debug|Any CPU
		{AFEC5893-1BD5-4E66-A23C-B649B801D515}.AppStore|iPhoneSimulator.ActiveCfg = Debug|Any CPU
		{AFEC5893-1BD5-4E66-A23C-B649B801D515}.AppStore|iPhoneSimulator.Build.0 = Debug|Any CPU
		{AFEC5893-1BD5-4E66-A23C-B649B801D515}.AppStore|x64.ActiveCfg = Debug|Any CPU
		{AFEC5893-1BD5-4E66-A23C-B649B801D515}.AppStore|x64.Build.0 = Debug|Any CPU
		{AFEC5893-1BD5-4E66-A23C-B649B801D515}.AppStore|x86.ActiveCfg = Debug|Any CPU
		{AFEC5893-1BD5-4E66-A23C-B649B801D515}.AppStore|x86.Build.0 = Debug|Any CPU
		{AFEC5893-1BD5-4E66-A23C-B649B801D515}.Debug|Any CPU.ActiveCfg = Debug|Any CPU
		{AFEC5893-1BD5-4E66-A23C-B649B801D515}.Debug|Any CPU.Build.0 = Debug|Any CPU
		{AFEC5893-1BD5-4E66-A23C-B649B801D515}.Debug|ARM.ActiveCfg = Debug|Any CPU
		{AFEC5893-1BD5-4E66-A23C-B649B801D515}.Debug|ARM.Build.0 = Debug|Any CPU
		{AFEC5893-1BD5-4E66-A23C-B649B801D515}.Debug|ARM64.ActiveCfg = Debug|Any CPU
		{AFEC5893-1BD5-4E66-A23C-B649B801D515}.Debug|ARM64.Build.0 = Debug|Any CPU
		{AFEC5893-1BD5-4E66-A23C-B649B801D515}.Debug|iPhone.ActiveCfg = Debug|Any CPU
		{AFEC5893-1BD5-4E66-A23C-B649B801D515}.Debug|iPhone.Build.0 = Debug|Any CPU
		{AFEC5893-1BD5-4E66-A23C-B649B801D515}.Debug|iPhoneSimulator.ActiveCfg = Debug|Any CPU
		{AFEC5893-1BD5-4E66-A23C-B649B801D515}.Debug|iPhoneSimulator.Build.0 = Debug|Any CPU
		{AFEC5893-1BD5-4E66-A23C-B649B801D515}.Debug|x64.ActiveCfg = Debug|Any CPU
		{AFEC5893-1BD5-4E66-A23C-B649B801D515}.Debug|x64.Build.0 = Debug|Any CPU
		{AFEC5893-1BD5-4E66-A23C-B649B801D515}.Debug|x86.ActiveCfg = Debug|Any CPU
		{AFEC5893-1BD5-4E66-A23C-B649B801D515}.Release|Any CPU.ActiveCfg = Release|Any CPU
		{AFEC5893-1BD5-4E66-A23C-B649B801D515}.Release|Any CPU.Build.0 = Release|Any CPU
		{AFEC5893-1BD5-4E66-A23C-B649B801D515}.Release|ARM.ActiveCfg = Release|Any CPU
		{AFEC5893-1BD5-4E66-A23C-B649B801D515}.Release|ARM.Build.0 = Release|Any CPU
		{AFEC5893-1BD5-4E66-A23C-B649B801D515}.Release|ARM64.ActiveCfg = Release|Any CPU
		{AFEC5893-1BD5-4E66-A23C-B649B801D515}.Release|ARM64.Build.0 = Release|Any CPU
		{AFEC5893-1BD5-4E66-A23C-B649B801D515}.Release|iPhone.ActiveCfg = Release|Any CPU
		{AFEC5893-1BD5-4E66-A23C-B649B801D515}.Release|iPhone.Build.0 = Release|Any CPU
		{AFEC5893-1BD5-4E66-A23C-B649B801D515}.Release|iPhoneSimulator.ActiveCfg = Release|Any CPU
		{AFEC5893-1BD5-4E66-A23C-B649B801D515}.Release|iPhoneSimulator.Build.0 = Release|Any CPU
		{AFEC5893-1BD5-4E66-A23C-B649B801D515}.Release|x64.ActiveCfg = Release|Any CPU
		{AFEC5893-1BD5-4E66-A23C-B649B801D515}.Release|x64.Build.0 = Release|Any CPU
		{AFEC5893-1BD5-4E66-A23C-B649B801D515}.Release|x86.ActiveCfg = Release|Any CPU
		{AFEC5893-1BD5-4E66-A23C-B649B801D515}.Release|x86.Build.0 = Release|Any CPU
		{2874F796-A7B4-4FD8-BC8D-C7F20DFF8DE7}.Ad-Hoc|Any CPU.ActiveCfg = Debug|Any CPU
		{2874F796-A7B4-4FD8-BC8D-C7F20DFF8DE7}.Ad-Hoc|Any CPU.Build.0 = Debug|Any CPU
		{2874F796-A7B4-4FD8-BC8D-C7F20DFF8DE7}.Ad-Hoc|ARM.ActiveCfg = Debug|Any CPU
		{2874F796-A7B4-4FD8-BC8D-C7F20DFF8DE7}.Ad-Hoc|ARM.Build.0 = Debug|Any CPU
		{2874F796-A7B4-4FD8-BC8D-C7F20DFF8DE7}.Ad-Hoc|ARM64.ActiveCfg = Debug|Any CPU
		{2874F796-A7B4-4FD8-BC8D-C7F20DFF8DE7}.Ad-Hoc|ARM64.Build.0 = Debug|Any CPU
		{2874F796-A7B4-4FD8-BC8D-C7F20DFF8DE7}.Ad-Hoc|iPhone.ActiveCfg = Debug|Any CPU
		{2874F796-A7B4-4FD8-BC8D-C7F20DFF8DE7}.Ad-Hoc|iPhone.Build.0 = Debug|Any CPU
		{2874F796-A7B4-4FD8-BC8D-C7F20DFF8DE7}.Ad-Hoc|iPhoneSimulator.ActiveCfg = Debug|Any CPU
		{2874F796-A7B4-4FD8-BC8D-C7F20DFF8DE7}.Ad-Hoc|iPhoneSimulator.Build.0 = Debug|Any CPU
		{2874F796-A7B4-4FD8-BC8D-C7F20DFF8DE7}.Ad-Hoc|x64.ActiveCfg = Debug|Any CPU
		{2874F796-A7B4-4FD8-BC8D-C7F20DFF8DE7}.Ad-Hoc|x64.Build.0 = Debug|Any CPU
		{2874F796-A7B4-4FD8-BC8D-C7F20DFF8DE7}.Ad-Hoc|x86.ActiveCfg = Debug|Any CPU
		{2874F796-A7B4-4FD8-BC8D-C7F20DFF8DE7}.Ad-Hoc|x86.Build.0 = Debug|Any CPU
		{2874F796-A7B4-4FD8-BC8D-C7F20DFF8DE7}.AppStore|Any CPU.ActiveCfg = Debug|Any CPU
		{2874F796-A7B4-4FD8-BC8D-C7F20DFF8DE7}.AppStore|Any CPU.Build.0 = Debug|Any CPU
		{2874F796-A7B4-4FD8-BC8D-C7F20DFF8DE7}.AppStore|ARM.ActiveCfg = Debug|Any CPU
		{2874F796-A7B4-4FD8-BC8D-C7F20DFF8DE7}.AppStore|ARM.Build.0 = Debug|Any CPU
		{2874F796-A7B4-4FD8-BC8D-C7F20DFF8DE7}.AppStore|ARM64.ActiveCfg = Debug|Any CPU
		{2874F796-A7B4-4FD8-BC8D-C7F20DFF8DE7}.AppStore|ARM64.Build.0 = Debug|Any CPU
		{2874F796-A7B4-4FD8-BC8D-C7F20DFF8DE7}.AppStore|iPhone.ActiveCfg = Debug|Any CPU
		{2874F796-A7B4-4FD8-BC8D-C7F20DFF8DE7}.AppStore|iPhone.Build.0 = Debug|Any CPU
		{2874F796-A7B4-4FD8-BC8D-C7F20DFF8DE7}.AppStore|iPhoneSimulator.ActiveCfg = Debug|Any CPU
		{2874F796-A7B4-4FD8-BC8D-C7F20DFF8DE7}.AppStore|iPhoneSimulator.Build.0 = Debug|Any CPU
		{2874F796-A7B4-4FD8-BC8D-C7F20DFF8DE7}.AppStore|x64.ActiveCfg = Debug|Any CPU
		{2874F796-A7B4-4FD8-BC8D-C7F20DFF8DE7}.AppStore|x64.Build.0 = Debug|Any CPU
		{2874F796-A7B4-4FD8-BC8D-C7F20DFF8DE7}.AppStore|x86.ActiveCfg = Debug|Any CPU
		{2874F796-A7B4-4FD8-BC8D-C7F20DFF8DE7}.AppStore|x86.Build.0 = Debug|Any CPU
		{2874F796-A7B4-4FD8-BC8D-C7F20DFF8DE7}.Debug|Any CPU.ActiveCfg = Debug|Any CPU
		{2874F796-A7B4-4FD8-BC8D-C7F20DFF8DE7}.Debug|Any CPU.Build.0 = Debug|Any CPU
		{2874F796-A7B4-4FD8-BC8D-C7F20DFF8DE7}.Debug|ARM.ActiveCfg = Debug|Any CPU
		{2874F796-A7B4-4FD8-BC8D-C7F20DFF8DE7}.Debug|ARM.Build.0 = Debug|Any CPU
		{2874F796-A7B4-4FD8-BC8D-C7F20DFF8DE7}.Debug|ARM64.ActiveCfg = Debug|Any CPU
		{2874F796-A7B4-4FD8-BC8D-C7F20DFF8DE7}.Debug|ARM64.Build.0 = Debug|Any CPU
		{2874F796-A7B4-4FD8-BC8D-C7F20DFF8DE7}.Debug|iPhone.ActiveCfg = Debug|Any CPU
		{2874F796-A7B4-4FD8-BC8D-C7F20DFF8DE7}.Debug|iPhone.Build.0 = Debug|Any CPU
		{2874F796-A7B4-4FD8-BC8D-C7F20DFF8DE7}.Debug|iPhoneSimulator.ActiveCfg = Debug|Any CPU
		{2874F796-A7B4-4FD8-BC8D-C7F20DFF8DE7}.Debug|iPhoneSimulator.Build.0 = Debug|Any CPU
		{2874F796-A7B4-4FD8-BC8D-C7F20DFF8DE7}.Debug|x64.ActiveCfg = Debug|Any CPU
		{2874F796-A7B4-4FD8-BC8D-C7F20DFF8DE7}.Debug|x64.Build.0 = Debug|Any CPU
		{2874F796-A7B4-4FD8-BC8D-C7F20DFF8DE7}.Debug|x86.ActiveCfg = Debug|Any CPU
		{2874F796-A7B4-4FD8-BC8D-C7F20DFF8DE7}.Release|Any CPU.ActiveCfg = Release|Any CPU
		{2874F796-A7B4-4FD8-BC8D-C7F20DFF8DE7}.Release|Any CPU.Build.0 = Release|Any CPU
		{2874F796-A7B4-4FD8-BC8D-C7F20DFF8DE7}.Release|ARM.ActiveCfg = Release|Any CPU
		{2874F796-A7B4-4FD8-BC8D-C7F20DFF8DE7}.Release|ARM.Build.0 = Release|Any CPU
		{2874F796-A7B4-4FD8-BC8D-C7F20DFF8DE7}.Release|ARM64.ActiveCfg = Release|Any CPU
		{2874F796-A7B4-4FD8-BC8D-C7F20DFF8DE7}.Release|ARM64.Build.0 = Release|Any CPU
		{2874F796-A7B4-4FD8-BC8D-C7F20DFF8DE7}.Release|iPhone.ActiveCfg = Release|Any CPU
		{2874F796-A7B4-4FD8-BC8D-C7F20DFF8DE7}.Release|iPhone.Build.0 = Release|Any CPU
		{2874F796-A7B4-4FD8-BC8D-C7F20DFF8DE7}.Release|iPhoneSimulator.ActiveCfg = Release|Any CPU
		{2874F796-A7B4-4FD8-BC8D-C7F20DFF8DE7}.Release|iPhoneSimulator.Build.0 = Release|Any CPU
		{2874F796-A7B4-4FD8-BC8D-C7F20DFF8DE7}.Release|x64.ActiveCfg = Release|Any CPU
		{2874F796-A7B4-4FD8-BC8D-C7F20DFF8DE7}.Release|x64.Build.0 = Release|Any CPU
		{2874F796-A7B4-4FD8-BC8D-C7F20DFF8DE7}.Release|x86.ActiveCfg = Release|Any CPU
		{2874F796-A7B4-4FD8-BC8D-C7F20DFF8DE7}.Release|x86.Build.0 = Release|Any CPU
		{7043CA1B-3F7A-4B97-A763-D945902D1825}.Ad-Hoc|Any CPU.ActiveCfg = Debug|Any CPU
		{7043CA1B-3F7A-4B97-A763-D945902D1825}.Ad-Hoc|Any CPU.Build.0 = Debug|Any CPU
		{7043CA1B-3F7A-4B97-A763-D945902D1825}.Ad-Hoc|ARM.ActiveCfg = Debug|Any CPU
		{7043CA1B-3F7A-4B97-A763-D945902D1825}.Ad-Hoc|ARM.Build.0 = Debug|Any CPU
		{7043CA1B-3F7A-4B97-A763-D945902D1825}.Ad-Hoc|ARM64.ActiveCfg = Debug|Any CPU
		{7043CA1B-3F7A-4B97-A763-D945902D1825}.Ad-Hoc|ARM64.Build.0 = Debug|Any CPU
		{7043CA1B-3F7A-4B97-A763-D945902D1825}.Ad-Hoc|iPhone.ActiveCfg = Debug|Any CPU
		{7043CA1B-3F7A-4B97-A763-D945902D1825}.Ad-Hoc|iPhone.Build.0 = Debug|Any CPU
		{7043CA1B-3F7A-4B97-A763-D945902D1825}.Ad-Hoc|iPhoneSimulator.ActiveCfg = Debug|Any CPU
		{7043CA1B-3F7A-4B97-A763-D945902D1825}.Ad-Hoc|iPhoneSimulator.Build.0 = Debug|Any CPU
		{7043CA1B-3F7A-4B97-A763-D945902D1825}.Ad-Hoc|x64.ActiveCfg = Debug|Any CPU
		{7043CA1B-3F7A-4B97-A763-D945902D1825}.Ad-Hoc|x64.Build.0 = Debug|Any CPU
		{7043CA1B-3F7A-4B97-A763-D945902D1825}.Ad-Hoc|x86.ActiveCfg = Debug|Any CPU
		{7043CA1B-3F7A-4B97-A763-D945902D1825}.Ad-Hoc|x86.Build.0 = Debug|Any CPU
		{7043CA1B-3F7A-4B97-A763-D945902D1825}.AppStore|Any CPU.ActiveCfg = Debug|Any CPU
		{7043CA1B-3F7A-4B97-A763-D945902D1825}.AppStore|Any CPU.Build.0 = Debug|Any CPU
		{7043CA1B-3F7A-4B97-A763-D945902D1825}.AppStore|ARM.ActiveCfg = Debug|Any CPU
		{7043CA1B-3F7A-4B97-A763-D945902D1825}.AppStore|ARM.Build.0 = Debug|Any CPU
		{7043CA1B-3F7A-4B97-A763-D945902D1825}.AppStore|ARM64.ActiveCfg = Debug|Any CPU
		{7043CA1B-3F7A-4B97-A763-D945902D1825}.AppStore|ARM64.Build.0 = Debug|Any CPU
		{7043CA1B-3F7A-4B97-A763-D945902D1825}.AppStore|iPhone.ActiveCfg = Debug|Any CPU
		{7043CA1B-3F7A-4B97-A763-D945902D1825}.AppStore|iPhone.Build.0 = Debug|Any CPU
		{7043CA1B-3F7A-4B97-A763-D945902D1825}.AppStore|iPhoneSimulator.ActiveCfg = Debug|Any CPU
		{7043CA1B-3F7A-4B97-A763-D945902D1825}.AppStore|iPhoneSimulator.Build.0 = Debug|Any CPU
		{7043CA1B-3F7A-4B97-A763-D945902D1825}.AppStore|x64.ActiveCfg = Debug|Any CPU
		{7043CA1B-3F7A-4B97-A763-D945902D1825}.AppStore|x64.Build.0 = Debug|Any CPU
		{7043CA1B-3F7A-4B97-A763-D945902D1825}.AppStore|x86.ActiveCfg = Debug|Any CPU
		{7043CA1B-3F7A-4B97-A763-D945902D1825}.AppStore|x86.Build.0 = Debug|Any CPU
		{7043CA1B-3F7A-4B97-A763-D945902D1825}.Debug|Any CPU.ActiveCfg = Debug|Any CPU
		{7043CA1B-3F7A-4B97-A763-D945902D1825}.Debug|Any CPU.Build.0 = Debug|Any CPU
		{7043CA1B-3F7A-4B97-A763-D945902D1825}.Debug|ARM.ActiveCfg = Debug|Any CPU
		{7043CA1B-3F7A-4B97-A763-D945902D1825}.Debug|ARM.Build.0 = Debug|Any CPU
		{7043CA1B-3F7A-4B97-A763-D945902D1825}.Debug|ARM64.ActiveCfg = Debug|Any CPU
		{7043CA1B-3F7A-4B97-A763-D945902D1825}.Debug|ARM64.Build.0 = Debug|Any CPU
		{7043CA1B-3F7A-4B97-A763-D945902D1825}.Debug|iPhone.ActiveCfg = Debug|Any CPU
		{7043CA1B-3F7A-4B97-A763-D945902D1825}.Debug|iPhone.Build.0 = Debug|Any CPU
		{7043CA1B-3F7A-4B97-A763-D945902D1825}.Debug|iPhoneSimulator.ActiveCfg = Debug|Any CPU
		{7043CA1B-3F7A-4B97-A763-D945902D1825}.Debug|iPhoneSimulator.Build.0 = Debug|Any CPU
		{7043CA1B-3F7A-4B97-A763-D945902D1825}.Debug|x64.ActiveCfg = Debug|Any CPU
		{7043CA1B-3F7A-4B97-A763-D945902D1825}.Debug|x64.Build.0 = Debug|Any CPU
		{7043CA1B-3F7A-4B97-A763-D945902D1825}.Debug|x86.ActiveCfg = Debug|Any CPU
		{7043CA1B-3F7A-4B97-A763-D945902D1825}.Debug|x86.Build.0 = Debug|Any CPU
		{7043CA1B-3F7A-4B97-A763-D945902D1825}.Release|Any CPU.ActiveCfg = Release|Any CPU
		{7043CA1B-3F7A-4B97-A763-D945902D1825}.Release|Any CPU.Build.0 = Release|Any CPU
		{7043CA1B-3F7A-4B97-A763-D945902D1825}.Release|ARM.ActiveCfg = Release|Any CPU
		{7043CA1B-3F7A-4B97-A763-D945902D1825}.Release|ARM.Build.0 = Release|Any CPU
		{7043CA1B-3F7A-4B97-A763-D945902D1825}.Release|ARM64.ActiveCfg = Release|Any CPU
		{7043CA1B-3F7A-4B97-A763-D945902D1825}.Release|ARM64.Build.0 = Release|Any CPU
		{7043CA1B-3F7A-4B97-A763-D945902D1825}.Release|iPhone.ActiveCfg = Release|Any CPU
		{7043CA1B-3F7A-4B97-A763-D945902D1825}.Release|iPhone.Build.0 = Release|Any CPU
		{7043CA1B-3F7A-4B97-A763-D945902D1825}.Release|iPhoneSimulator.ActiveCfg = Release|Any CPU
		{7043CA1B-3F7A-4B97-A763-D945902D1825}.Release|iPhoneSimulator.Build.0 = Release|Any CPU
		{7043CA1B-3F7A-4B97-A763-D945902D1825}.Release|x64.ActiveCfg = Release|Any CPU
		{7043CA1B-3F7A-4B97-A763-D945902D1825}.Release|x64.Build.0 = Release|Any CPU
		{7043CA1B-3F7A-4B97-A763-D945902D1825}.Release|x86.ActiveCfg = Release|Any CPU
		{7043CA1B-3F7A-4B97-A763-D945902D1825}.Release|x86.Build.0 = Release|Any CPU
	EndGlobalSection
	GlobalSection(SolutionProperties) = preSolution
		HideSolutionNode = FALSE
	EndGlobalSection
	GlobalSection(NestedProjects) = preSolution
		{CD29A0FB-8896-44DC-BA13-B53DF68A16A9} = {BBE8AA91-6E37-471C-9A7B-3F4FF4816688}
		{4E64B5F2-4762-496F-82FF-BC846CA4FF07} = {BBE8AA91-6E37-471C-9A7B-3F4FF4816688}
		{ED7C8118-AA19-4C5E-B0DB-A3793A64C8A1} = {BBE8AA91-6E37-471C-9A7B-3F4FF4816688}
		{D2D0D68C-0D39-433D-9703-E20692699971} = {BBE8AA91-6E37-471C-9A7B-3F4FF4816688}
		{3D5D0002-C8CA-438F-BC14-825AE3DEC6C4} = {BBE8AA91-6E37-471C-9A7B-3F4FF4816688}
		{483C9122-76DC-477E-80E3-90F8DB8D99F7} = {BBE8AA91-6E37-471C-9A7B-3F4FF4816688}
		{AFAD5400-143B-40FE-A187-7E8BF8753B71} = {BBE8AA91-6E37-471C-9A7B-3F4FF4816688}
		{AFEC5893-1BD5-4E66-A23C-B649B801D515} = {BBE8AA91-6E37-471C-9A7B-3F4FF4816688}
		{2874F796-A7B4-4FD8-BC8D-C7F20DFF8DE7} = {BBE8AA91-6E37-471C-9A7B-3F4FF4816688}
	EndGlobalSection
	GlobalSection(ExtensibilityGlobals) = postSolution
		SolutionGuid = {38B97663-6514-476B-B83C-4FF5B0530C85}
	EndGlobalSection
EndGlobal
